
Microsoft Visual Studio Solution File, Format Version 12.00
# Visual Studio 15
VisualStudioVersion = 15.0.27428.2043
MinimumVisualStudioVersion = 10.0.40219.1
Project("{FAE04EC0-301F-11D3-BF4B-00C04F79EFBC}") = "SVGConverter", "SVGConverter\SVGConverter.csproj", "{B63C9C7A-8241-4C2F-9A1D-3914A4BF2D6A}"
EndProject
Project("{FAE04EC0-301F-11D3-BF4B-00C04F79EFBC}") = "SVGConverter_BL", "SVGConverter_BL\SVGConverter_BL.csproj", "{A7F0BCF1-7394-4499-8EDE-32D69020F0A3}"
EndProject
Global
	GlobalSection(SolutionConfigurationPlatforms) = preSolution
		Debug|Any CPU = Debug|Any CPU
		Release|Any CPU = Release|Any CPU
	EndGlobalSection
	GlobalSection(ProjectConfigurationPlatforms) = postSolution
		{B63C9C7A-8241-4C2F-9A1D-3914A4BF2D6A}.Debug|Any CPU.ActiveCfg = Debug|Any CPU
		{B63C9C7A-8241-4C2F-9A1D-3914A4BF2D6A}.Debug|Any CPU.Build.0 = Debug|Any CPU
		{B63C9C7A-8241-4C2F-9A1D-3914A4BF2D6A}.Release|Any CPU.ActiveCfg = Release|Any CPU
		{B63C9C7A-8241-4C2F-9A1D-3914A4BF2D6A}.Release|Any CPU.Build.0 = Release|Any CPU
		{A7F0BCF1-7394-4499-8EDE-32D69020F0A3}.Debug|Any CPU.ActiveCfg = Debug|Any CPU
		{A7F0BCF1-7394-4499-8EDE-32D69020F0A3}.Debug|Any CPU.Build.0 = Debug|Any CPU
		{A7F0BCF1-7394-4499-8EDE-32D69020F0A3}.Release|Any CPU.ActiveCfg = Release|Any CPU
		{A7F0BCF1-7394-4499-8EDE-32D69020F0A3}.Release|Any CPU.Build.0 = Release|Any CPU
	EndGlobalSection
	GlobalSection(SolutionProperties) = preSolution
		HideSolutionNode = FALSE
	EndGlobalSection
	GlobalSection(ExtensibilityGlobals) = postSolution
		SolutionGuid = {AD263400-938D-4AB2-A147-FD80FED4567D}
	EndGlobalSection
EndGlobal
